
Microsoft Visual Studio Solution File, Format Version 12.00
# Visual Studio Version 17
VisualStudioVersion = 17.6.33712.159
MinimumVisualStudioVersion = 10.0.40219.1
Project("{9A19103F-16F7-4668-BE54-9A1E7A4F7556}") = "TryInventories", "TryInventories.csproj", "{037AA622-F9E7-418F-AC61-C3886D66EA30}"
EndProject
Project("{E53339B2-1760-4266-BCC7-CA923CBCF16C}") = "docker-compose", "docker-compose.dcproj", "{0B031919-BD64-4CC0-974F-FD832FC0BE77}"
EndProject
Global
	GlobalSection(SolutionConfigurationPlatforms) = preSolution
		Debug|Any CPU = Debug|Any CPU
		Release|Any CPU = Release|Any CPU
	EndGlobalSection
	GlobalSection(ProjectConfigurationPlatforms) = postSolution
		{037AA622-F9E7-418F-AC61-C3886D66EA30}.Debug|Any CPU.ActiveCfg = Debug|Any CPU
		{037AA622-F9E7-418F-AC61-C3886D66EA30}.Debug|Any CPU.Build.0 = Debug|Any CPU
		{037AA622-F9E7-418F-AC61-C3886D66EA30}.Release|Any CPU.ActiveCfg = Release|Any CPU
		{037AA622-F9E7-418F-AC61-C3886D66EA30}.Release|Any CPU.Build.0 = Release|Any CPU
		{0B031919-BD64-4CC0-974F-FD832FC0BE77}.Debug|Any CPU.ActiveCfg = Debug|Any CPU
		{0B031919-BD64-4CC0-974F-FD832FC0BE77}.Debug|Any CPU.Build.0 = Debug|Any CPU
		{0B031919-BD64-4CC0-974F-FD832FC0BE77}.Release|Any CPU.ActiveCfg = Release|Any CPU
		{0B031919-BD64-4CC0-974F-FD832FC0BE77}.Release|Any CPU.Build.0 = Release|Any CPU
	EndGlobalSection
	GlobalSection(SolutionProperties) = preSolution
		HideSolutionNode = FALSE
	EndGlobalSection
	GlobalSection(ExtensibilityGlobals) = postSolution
		SolutionGuid = {99ACBD87-5C8B-4CBE-9AE4-F0D87DD9C706}
	EndGlobalSection
EndGlobal
